
Microsoft Visual Studio Solution File, Format Version 12.00
# Visual Studio Version 17
VisualStudioVersion = 17.0.31903.59
MinimumVisualStudioVersion = 10.0.40219.1
Project("{FAE04EC0-301F-11D3-BF4B-00C04F79EFBC}") = "Ipdb.Lib2", "Ipdb.Lib2\Ipdb.Lib2.csproj", "{FD8FA9EB-1D44-431B-82E5-05BFCC31BF1A}"
EndProject
Project("{FAE04EC0-301F-11D3-BF4B-00C04F79EFBC}") = "Ipdb.Tests2", "Ipdb.Tests2\Ipdb.Tests2.csproj", "{3F63A1B8-208F-45EE-B334-A7C194FF6DF7}"
EndProject
Global
	GlobalSection(SolutionConfigurationPlatforms) = preSolution
		Debug|Any CPU = Debug|Any CPU
		Debug|x64 = Debug|x64
		Debug|x86 = Debug|x86
		Release|Any CPU = Release|Any CPU
		Release|x64 = Release|x64
		Release|x86 = Release|x86
	EndGlobalSection
	GlobalSection(ProjectConfigurationPlatforms) = postSolution
		{FD8FA9EB-1D44-431B-82E5-05BFCC31BF1A}.Debug|Any CPU.ActiveCfg = Debug|Any CPU
		{FD8FA9EB-1D44-431B-82E5-05BFCC31BF1A}.Debug|Any CPU.Build.0 = Debug|Any CPU
		{FD8FA9EB-1D44-431B-82E5-05BFCC31BF1A}.Debug|x64.ActiveCfg = Debug|Any CPU
		{FD8FA9EB-1D44-431B-82E5-05BFCC31BF1A}.Debug|x64.Build.0 = Debug|Any CPU
		{FD8FA9EB-1D44-431B-82E5-05BFCC31BF1A}.Debug|x86.ActiveCfg = Debug|Any CPU
		{FD8FA9EB-1D44-431B-82E5-05BFCC31BF1A}.Debug|x86.Build.0 = Debug|Any CPU
		{FD8FA9EB-1D44-431B-82E5-05BFCC31BF1A}.Release|Any CPU.ActiveCfg = Release|Any CPU
		{FD8FA9EB-1D44-431B-82E5-05BFCC31BF1A}.Release|Any CPU.Build.0 = Release|Any CPU
		{FD8FA9EB-1D44-431B-82E5-05BFCC31BF1A}.Release|x64.ActiveCfg = Release|Any CPU
		{FD8FA9EB-1D44-431B-82E5-05BFCC31BF1A}.Release|x64.Build.0 = Release|Any CPU
		{FD8FA9EB-1D44-431B-82E5-05BFCC31BF1A}.Release|x86.ActiveCfg = Release|Any CPU
		{FD8FA9EB-1D44-431B-82E5-05BFCC31BF1A}.Release|x86.Build.0 = Release|Any CPU
		{3F63A1B8-208F-45EE-B334-A7C194FF6DF7}.Debug|Any CPU.ActiveCfg = Debug|Any CPU
		{3F63A1B8-208F-45EE-B334-A7C194FF6DF7}.Debug|Any CPU.Build.0 = Debug|Any CPU
		{3F63A1B8-208F-45EE-B334-A7C194FF6DF7}.Debug|x64.ActiveCfg = Debug|Any CPU
		{3F63A1B8-208F-45EE-B334-A7C194FF6DF7}.Debug|x64.Build.0 = Debug|Any CPU
		{3F63A1B8-208F-45EE-B334-A7C194FF6DF7}.Debug|x86.ActiveCfg = Debug|Any CPU
		{3F63A1B8-208F-45EE-B334-A7C194FF6DF7}.Debug|x86.Build.0 = Debug|Any CPU
		{3F63A1B8-208F-45EE-B334-A7C194FF6DF7}.Release|Any CPU.ActiveCfg = Release|Any CPU
		{3F63A1B8-208F-45EE-B334-A7C194FF6DF7}.Release|Any CPU.Build.0 = Release|Any CPU
		{3F63A1B8-208F-45EE-B334-A7C194FF6DF7}.Release|x64.ActiveCfg = Release|Any CPU
		{3F63A1B8-208F-45EE-B334-A7C194FF6DF7}.Release|x64.Build.0 = Release|Any CPU
		{3F63A1B8-208F-45EE-B334-A7C194FF6DF7}.Release|x86.ActiveCfg = Release|Any CPU
		{3F63A1B8-208F-45EE-B334-A7C194FF6DF7}.Release|x86.Build.0 = Release|Any CPU
	EndGlobalSection
	GlobalSection(SolutionProperties) = preSolution
		HideSolutionNode = FALSE
	EndGlobalSection
	GlobalSection(ExtensibilityGlobals) = postSolution
		SolutionGuid = {9AB9AFE8-FE3C-46DE-9B7B-AFC47DAA0E30}
	EndGlobalSection
EndGlobal
